
Microsoft Visual Studio Solution File, Format Version 12.00
# Visual Studio 14
VisualStudioVersion = 14.0.23107.0
MinimumVisualStudioVersion = 10.0.40219.1
Project("{FAE04EC0-301F-11D3-BF4B-00C04F79EFBC}") = "MyProblems", "MyProblems\MyProblems.csproj", "{8DDB8E3D-9662-41C1-ADCB-2CD99F20C176}"
EndProject
Project("{FAE04EC0-301F-11D3-BF4B-00C04F79EFBC}") = "MyProblems.Test", "MyProblems.Test\MyProblems.Test.csproj", "{FCB582DB-291A-4951-A9E7-A92839AADEC6}"
EndProject
Global
	GlobalSection(SolutionConfigurationPlatforms) = preSolution
		Debug|Any CPU = Debug|Any CPU
		Release|Any CPU = Release|Any CPU
	EndGlobalSection
	GlobalSection(ProjectConfigurationPlatforms) = postSolution
		{8DDB8E3D-9662-41C1-ADCB-2CD99F20C176}.Debug|Any CPU.ActiveCfg = Debug|Any CPU
		{8DDB8E3D-9662-41C1-ADCB-2CD99F20C176}.Debug|Any CPU.Build.0 = Debug|Any CPU
		{8DDB8E3D-9662-41C1-ADCB-2CD99F20C176}.Release|Any CPU.ActiveCfg = Release|Any CPU
		{8DDB8E3D-9662-41C1-ADCB-2CD99F20C176}.Release|Any CPU.Build.0 = Release|Any CPU
		{FCB582DB-291A-4951-A9E7-A92839AADEC6}.Debug|Any CPU.ActiveCfg = Debug|Any CPU
		{FCB582DB-291A-4951-A9E7-A92839AADEC6}.Debug|Any CPU.Build.0 = Debug|Any CPU
		{FCB582DB-291A-4951-A9E7-A92839AADEC6}.Release|Any CPU.ActiveCfg = Release|Any CPU
		{FCB582DB-291A-4951-A9E7-A92839AADEC6}.Release|Any CPU.Build.0 = Release|Any CPU
	EndGlobalSection
	GlobalSection(SolutionProperties) = preSolution
		HideSolutionNode = FALSE
	EndGlobalSection
EndGlobal
